// !$*UTF8*$!
{
	archiveVersion = 1;
	classes = {
	};
	objectVersion = 56;
	objects = {

/* Begin PBXBuildFile section */
		A1000001001 /* IntakeAIApp.swift in Sources */ = {isa = PBXBuildFile; fileRef = A1000001000 /* IntakeAIApp.swift */; };
		A1000002001 /* Assets.xcassets in Resources */ = {isa = PBXBuildFile; fileRef = A1000002000 /* Assets.xcassets */; };
		A1000003001 /* Preview Assets.xcassets in Resources */ = {isa = PBXBuildFile; fileRef = A1000003000 /* Preview Assets.xcassets */; };
		A1000005001 /* PrivacyInfo.xcprivacy in Resources */ = {isa = PBXBuildFile; fileRef = A1000005002 /* PrivacyInfo.xcprivacy */; };
		B1000001001 /* DesignSystem.swift in Sources */ = {isa = PBXBuildFile; fileRef = B1000001000 /* DesignSystem.swift */; };
		B1000002001 /* IAButton.swift in Sources */ = {isa = PBXBuildFile; fileRef = B1000002000 /* IAButton.swift */; };
		B1000003001 /* IATextField.swift in Sources */ = {isa = PBXBuildFile; fileRef = B1000003000 /* IATextField.swift */; };
		B1000004001 /* IACard.swift in Sources */ = {isa = PBXBuildFile; fileRef = B1000004000 /* IACard.swift */; };
		B1000005001 /* IABadge.swift in Sources */ = {isa = PBXBuildFile; fileRef = B1000005000 /* IABadge.swift */; };
		B1000006001 /* IAAvatar.swift in Sources */ = {isa = PBXBuildFile; fileRef = B1000006000 /* IAAvatar.swift */; };
		B1000007001 /* IAEmptyState.swift in Sources */ = {isa = PBXBuildFile; fileRef = B1000007000 /* IAEmptyState.swift */; };
		B1000008001 /* IAModal.swift in Sources */ = {isa = PBXBuildFile; fileRef = B1000008000 /* IAModal.swift */; };
		B1000009001 /* IAAnimations.swift in Sources */ = {isa = PBXBuildFile; fileRef = B1000009000 /* IAAnimations.swift */; };
		C1000001001 /* User.swift in Sources */ = {isa = PBXBuildFile; fileRef = C1000001000 /* User.swift */; };
		C1000002001 /* Patient.swift in Sources */ = {isa = PBXBuildFile; fileRef = C1000002000 /* Patient.swift */; };
		C1000003001 /* Intake.swift in Sources */ = {isa = PBXBuildFile; fileRef = C1000003000 /* Intake.swift */; };
		C1000004001 /* IntakeLink.swift in Sources */ = {isa = PBXBuildFile; fileRef = C1000004000 /* IntakeLink.swift */; };
		C1000005001 /* Summary.swift in Sources */ = {isa = PBXBuildFile; fileRef = C1000005000 /* Summary.swift */; };
		C1000006001 /* AuditLog.swift in Sources */ = {isa = PBXBuildFile; fileRef = C1000006000 /* AuditLog.swift */; };
		C1000007001 /* Dashboard.swift in Sources */ = {isa = PBXBuildFile; fileRef = C1000007000 /* Dashboard.swift */; };
		D1000001001 /* NetworkClient.swift in Sources */ = {isa = PBXBuildFile; fileRef = D1000001000 /* NetworkClient.swift */; };
		D1000002001 /* NetworkMonitor.swift in Sources */ = {isa = PBXBuildFile; fileRef = D1000002000 /* NetworkMonitor.swift */; };
		E1000001001 /* AuthViewModel.swift in Sources */ = {isa = PBXBuildFile; fileRef = E1000001000 /* AuthViewModel.swift */; };
		E1000002001 /* SplashScreen.swift in Sources */ = {isa = PBXBuildFile; fileRef = E1000002000 /* SplashScreen.swift */; };
		E1000003001 /* AuthenticationFlow.swift in Sources */ = {isa = PBXBuildFile; fileRef = E1000003000 /* AuthenticationFlow.swift */; };
		E1000004001 /* DashboardViewModel.swift in Sources */ = {isa = PBXBuildFile; fileRef = E1000004000 /* DashboardViewModel.swift */; };
		E1000005001 /* DashboardView.swift in Sources */ = {isa = PBXBuildFile; fileRef = E1000005000 /* DashboardView.swift */; };
		E1000006001 /* PatientsViewModel.swift in Sources */ = {isa = PBXBuildFile; fileRef = E1000006000 /* PatientsViewModel.swift */; };
		E1000007001 /* PatientsListView.swift in Sources */ = {isa = PBXBuildFile; fileRef = E1000007000 /* PatientsListView.swift */; };
		E1000008001 /* PatientDetailView.swift in Sources */ = {isa = PBXBuildFile; fileRef = E1000008000 /* PatientDetailView.swift */; };
		E1000009001 /* SummaryDetailView.swift in Sources */ = {isa = PBXBuildFile; fileRef = E1000009000 /* SummaryDetailView.swift */; };
		E100000A001 /* SettingsView.swift in Sources */ = {isa = PBXBuildFile; fileRef = E100000A000 /* SettingsView.swift */; };
		E100000B001 /* MainTabView.swift in Sources */ = {isa = PBXBuildFile; fileRef = E100000B000 /* MainTabView.swift */; };
		E100000C001 /* iPadMainView.swift in Sources */ = {isa = PBXBuildFile; fileRef = E100000C000 /* iPadMainView.swift */; };
		E100000D001 /* OnboardingView.swift in Sources */ = {isa = PBXBuildFile; fileRef = E100000D000 /* OnboardingView.swift */; };
		D1000003001 /* DataStore.swift in Sources */ = {isa = PBXBuildFile; fileRef = D1000003000 /* DataStore.swift */; };
		E100000E001 /* PatientKanbanView.swift in Sources */ = {isa = PBXBuildFile; fileRef = E100000E000 /* PatientKanbanView.swift */; };
		E100000F001 /* AISummaryGenerationView.swift in Sources */ = {isa = PBXBuildFile; fileRef = E100000F000 /* AISummaryGenerationView.swift */; };
		B100000A001 /* IASkeletonViews.swift in Sources */ = {isa = PBXBuildFile; fileRef = B100000A000 /* IASkeletonViews.swift */; };
/* End PBXBuildFile section */

/* Begin PBXFileReference section */
		A1000000000 /* IntakeAI.app */ = {isa = PBXFileReference; explicitFileType = wrapper.application; includeInIndex = 0; path = IntakeAI.app; sourceTree = BUILT_PRODUCTS_DIR; };
		A1000001000 /* IntakeAIApp.swift */ = {isa = PBXFileReference; lastKnownFileType = sourcecode.swift; path = IntakeAIApp.swift; sourceTree = "<group>"; };
		A1000002000 /* Assets.xcassets */ = {isa = PBXFileReference; lastKnownFileType = folder.assetcatalog; path = Assets.xcassets; sourceTree = "<group>"; };
		A1000003000 /* Preview Assets.xcassets */ = {isa = PBXFileReference; lastKnownFileType = folder.assetcatalog; path = "Preview Assets.xcassets"; sourceTree = "<group>"; };
		A1000004000 /* Info.plist */ = {isa = PBXFileReference; lastKnownFileType = text.plist.xml; path = Info.plist; sourceTree = "<group>"; };
		A1000005002 /* PrivacyInfo.xcprivacy */ = {isa = PBXFileReference; lastKnownFileType = text.xml; path = PrivacyInfo.xcprivacy; sourceTree = "<group>"; };
		B1000001000 /* DesignSystem.swift */ = {isa = PBXFileReference; lastKnownFileType = sourcecode.swift; path = DesignSystem.swift; sourceTree = "<group>"; };
		B1000002000 /* IAButton.swift */ = {isa = PBXFileReference; lastKnownFileType = sourcecode.swift; path = IAButton.swift; sourceTree = "<group>"; };
		B1000003000 /* IATextField.swift */ = {isa = PBXFileReference; lastKnownFileType = sourcecode.swift; path = IATextField.swift; sourceTree = "<group>"; };
		B1000004000 /* IACard.swift */ = {isa = PBXFileReference; lastKnownFileType = sourcecode.swift; path = IACard.swift; sourceTree = "<group>"; };
		B1000005000 /* IABadge.swift */ = {isa = PBXFileReference; lastKnownFileType = sourcecode.swift; path = IABadge.swift; sourceTree = "<group>"; };
		B1000006000 /* IAAvatar.swift */ = {isa = PBXFileReference; lastKnownFileType = sourcecode.swift; path = IAAvatar.swift; sourceTree = "<group>"; };
		B1000007000 /* IAEmptyState.swift */ = {isa = PBXFileReference; lastKnownFileType = sourcecode.swift; path = IAEmptyState.swift; sourceTree = "<group>"; };
		B1000008000 /* IAModal.swift */ = {isa = PBXFileReference; lastKnownFileType = sourcecode.swift; path = IAModal.swift; sourceTree = "<group>"; };
		B1000009000 /* IAAnimations.swift */ = {isa = PBXFileReference; lastKnownFileType = sourcecode.swift; path = IAAnimations.swift; sourceTree = "<group>"; };
		C1000001000 /* User.swift */ = {isa = PBXFileReference; lastKnownFileType = sourcecode.swift; path = User.swift; sourceTree = "<group>"; };
		C1000002000 /* Patient.swift */ = {isa = PBXFileReference; lastKnownFileType = sourcecode.swift; path = Patient.swift; sourceTree = "<group>"; };
		C1000003000 /* Intake.swift */ = {isa = PBXFileReference; lastKnownFileType = sourcecode.swift; path = Intake.swift; sourceTree = "<group>"; };
		C1000004000 /* IntakeLink.swift */ = {isa = PBXFileReference; lastKnownFileType = sourcecode.swift; path = IntakeLink.swift; sourceTree = "<group>"; };
		C1000005000 /* Summary.swift */ = {isa = PBXFileReference; lastKnownFileType = sourcecode.swift; path = Summary.swift; sourceTree = "<group>"; };
		C1000006000 /* AuditLog.swift */ = {isa = PBXFileReference; lastKnownFileType = sourcecode.swift; path = AuditLog.swift; sourceTree = "<group>"; };
		C1000007000 /* Dashboard.swift */ = {isa = PBXFileReference; lastKnownFileType = sourcecode.swift; path = Dashboard.swift; sourceTree = "<group>"; };
		D1000001000 /* NetworkClient.swift */ = {isa = PBXFileReference; lastKnownFileType = sourcecode.swift; path = NetworkClient.swift; sourceTree = "<group>"; };
		D1000002000 /* NetworkMonitor.swift */ = {isa = PBXFileReference; lastKnownFileType = sourcecode.swift; path = NetworkMonitor.swift; sourceTree = "<group>"; };
		E1000001000 /* AuthViewModel.swift */ = {isa = PBXFileReference; lastKnownFileType = sourcecode.swift; path = AuthViewModel.swift; sourceTree = "<group>"; };
		E1000002000 /* SplashScreen.swift */ = {isa = PBXFileReference; lastKnownFileType = sourcecode.swift; path = SplashScreen.swift; sourceTree = "<group>"; };
		E1000003000 /* AuthenticationFlow.swift */ = {isa = PBXFileReference; lastKnownFileType = sourcecode.swift; path = AuthenticationFlow.swift; sourceTree = "<group>"; };
		E1000004000 /* DashboardViewModel.swift */ = {isa = PBXFileReference; lastKnownFileType = sourcecode.swift; path = DashboardViewModel.swift; sourceTree = "<group>"; };
		E1000005000 /* DashboardView.swift */ = {isa = PBXFileReference; lastKnownFileType = sourcecode.swift; path = DashboardView.swift; sourceTree = "<group>"; };
		E1000006000 /* PatientsViewModel.swift */ = {isa = PBXFileReference; lastKnownFileType = sourcecode.swift; path = PatientsViewModel.swift; sourceTree = "<group>"; };
		E1000007000 /* PatientsListView.swift */ = {isa = PBXFileReference; lastKnownFileType = sourcecode.swift; path = PatientsListView.swift; sourceTree = "<group>"; };
		E1000008000 /* PatientDetailView.swift */ = {isa = PBXFileReference; lastKnownFileType = sourcecode.swift; path = PatientDetailView.swift; sourceTree = "<group>"; };
		E1000009000 /* SummaryDetailView.swift */ = {isa = PBXFileReference; lastKnownFileType = sourcecode.swift; path = SummaryDetailView.swift; sourceTree = "<group>"; };
		E100000A000 /* SettingsView.swift */ = {isa = PBXFileReference; lastKnownFileType = sourcecode.swift; path = SettingsView.swift; sourceTree = "<group>"; };
		E100000B000 /* MainTabView.swift */ = {isa = PBXFileReference; lastKnownFileType = sourcecode.swift; path = MainTabView.swift; sourceTree = "<group>"; };
		E100000C000 /* iPadMainView.swift */ = {isa = PBXFileReference; lastKnownFileType = sourcecode.swift; path = iPadMainView.swift; sourceTree = "<group>"; };
		E100000D000 /* OnboardingView.swift */ = {isa = PBXFileReference; lastKnownFileType = sourcecode.swift; path = OnboardingView.swift; sourceTree = "<group>"; };
		D1000003000 /* DataStore.swift */ = {isa = PBXFileReference; lastKnownFileType = sourcecode.swift; path = DataStore.swift; sourceTree = "<group>"; };
		E100000E000 /* PatientKanbanView.swift */ = {isa = PBXFileReference; lastKnownFileType = sourcecode.swift; path = PatientKanbanView.swift; sourceTree = "<group>"; };
		E100000F000 /* AISummaryGenerationView.swift */ = {isa = PBXFileReference; lastKnownFileType = sourcecode.swift; path = AISummaryGenerationView.swift; sourceTree = "<group>"; };
		B100000A000 /* IASkeletonViews.swift */ = {isa = PBXFileReference; lastKnownFileType = sourcecode.swift; path = IASkeletonViews.swift; sourceTree = "<group>"; };
/* End PBXFileReference section */

/* Begin PBXFrameworksBuildPhase section */
		A1000005000 /* Frameworks */ = {
			isa = PBXFrameworksBuildPhase;
			buildActionMask = 2147483647;
			files = (
			);
			runOnlyForDeploymentPostprocessing = 0;
		};
/* End PBXFrameworksBuildPhase section */

/* Begin PBXGroup section */
		A1000006000 = {
			isa = PBXGroup;
			children = (
				A1000007000 /* IntakeAI */,
				A1000008000 /* Products */,
			);
			sourceTree = "<group>";
		};
		A1000007000 /* IntakeAI */ = {
			isa = PBXGroup;
			children = (
				A1000001000 /* IntakeAIApp.swift */,
				F1000001000 /* Core */,
				F1000002000 /* Features */,
				A1000002000 /* Assets.xcassets */,
				A1000004000 /* Info.plist */,
				A1000005002 /* PrivacyInfo.xcprivacy */,
				A1000009000 /* Preview Content */,
			);
			path = IntakeAI;
			sourceTree = "<group>";
		};
		A1000008000 /* Products */ = {
			isa = PBXGroup;
			children = (
				A1000000000 /* IntakeAI.app */,
			);
			name = Products;
			sourceTree = "<group>";
		};
		A1000009000 /* Preview Content */ = {
			isa = PBXGroup;
			children = (
				A1000003000 /* Preview Assets.xcassets */,
			);
			path = "Preview Content";
			sourceTree = "<group>";
		};
		F1000001000 /* Core */ = {
			isa = PBXGroup;
			children = (
				F1000003000 /* DesignSystem */,
				F1000004000 /* Domain */,
				F1000005000 /* Network */,
				F1000019000 /* Persistence */,
			);
			path = Core;
			sourceTree = "<group>";
		};
		F1000019000 /* Persistence */ = {
			isa = PBXGroup;
			children = (
				D1000003000 /* DataStore.swift */,
			);
			path = Persistence;
			sourceTree = "<group>";
		};
		F1000002000 /* Features */ = {
			isa = PBXGroup;
			children = (
				F1000006000 /* Authentication */,
				F1000007000 /* Dashboard */,
				F1000008000 /* Patients */,
				F1000009000 /* Summary */,
				F100000A000 /* Settings */,
				F100000B000 /* Main */,
				F1000016000 /* Onboarding */,
			);
			path = Features;
			sourceTree = "<group>";
		};
		F1000003000 /* DesignSystem */ = {
			isa = PBXGroup;
			children = (
				B1000001000 /* DesignSystem.swift */,
				F100000C000 /* Components */,
				F1000018000 /* Animations */,
			);
			path = DesignSystem;
			sourceTree = "<group>";
		};
		F1000018000 /* Animations */ = {
			isa = PBXGroup;
			children = (
				B1000009000 /* IAAnimations.swift */,
			);
			path = Animations;
			sourceTree = "<group>";
		};
		F1000004000 /* Domain */ = {
			isa = PBXGroup;
			children = (
				F100000D000 /* Models */,
			);
			path = Domain;
			sourceTree = "<group>";
		};
		F1000005000 /* Network */ = {
			isa = PBXGroup;
			children = (
				D1000001000 /* NetworkClient.swift */,
				D1000002000 /* NetworkMonitor.swift */,
			);
			path = Network;
			sourceTree = "<group>";
		};
		F1000006000 /* Authentication */ = {
			isa = PBXGroup;
			children = (
				F100000E000 /* ViewModels */,
				F100000F000 /* Views */,
			);
			path = Authentication;
			sourceTree = "<group>";
		};
		F1000007000 /* Dashboard */ = {
			isa = PBXGroup;
			children = (
				F1000010000 /* ViewModels */,
				F1000011000 /* Views */,
			);
			path = Dashboard;
			sourceTree = "<group>";
		};
		F1000008000 /* Patients */ = {
			isa = PBXGroup;
			children = (
				F1000012000 /* ViewModels */,
				F1000013000 /* Views */,
			);
			path = Patients;
			sourceTree = "<group>";
		};
		F1000009000 /* Summary */ = {
			isa = PBXGroup;
			children = (
				F1000014000 /* Views */,
			);
			path = Summary;
			sourceTree = "<group>";
		};
		F100000A000 /* Settings */ = {
			isa = PBXGroup;
			children = (
				F1000015000 /* Views */,
			);
			path = Settings;
			sourceTree = "<group>";
		};
		F100000B000 /* Main */ = {
			isa = PBXGroup;
			children = (
				E100000B000 /* MainTabView.swift */,
				E100000C000 /* iPadMainView.swift */,
			);
			path = Main;
			sourceTree = "<group>";
		};
		F100000C000 /* Components */ = {
			isa = PBXGroup;
			children = (
				B1000002000 /* IAButton.swift */,
				B1000003000 /* IATextField.swift */,
				B1000004000 /* IACard.swift */,
				B1000005000 /* IABadge.swift */,
				B1000006000 /* IAAvatar.swift */,
				B1000007000 /* IAEmptyState.swift */,
				B1000008000 /* IAModal.swift */,
				B100000A000 /* IASkeletonViews.swift */,
			);
			path = Components;
			sourceTree = "<group>";
		};
		F100000D000 /* Models */ = {
			isa = PBXGroup;
			children = (
				C1000001000 /* User.swift */,
				C1000002000 /* Patient.swift */,
				C1000003000 /* Intake.swift */,
				C1000004000 /* IntakeLink.swift */,
				C1000005000 /* Summary.swift */,
				C1000006000 /* AuditLog.swift */,
				C1000007000 /* Dashboard.swift */,
			);
			path = Models;
			sourceTree = "<group>";
		};
		F100000E000 /* ViewModels */ = {
			isa = PBXGroup;
			children = (
				E1000001000 /* AuthViewModel.swift */,
			);
			path = ViewModels;
			sourceTree = "<group>";
		};
		F100000F000 /* Views */ = {
			isa = PBXGroup;
			children = (
				E1000002000 /* SplashScreen.swift */,
				E1000003000 /* AuthenticationFlow.swift */,
			);
			path = Views;
			sourceTree = "<group>";
		};
		F1000010000 /* ViewModels */ = {
			isa = PBXGroup;
			children = (
				E1000004000 /* DashboardViewModel.swift */,
			);
			path = ViewModels;
			sourceTree = "<group>";
		};
		F1000011000 /* Views */ = {
			isa = PBXGroup;
			children = (
				E1000005000 /* DashboardView.swift */,
				E100000E000 /* PatientKanbanView.swift */,
			);
			path = Views;
			sourceTree = "<group>";
		};
		F1000012000 /* ViewModels */ = {
			isa = PBXGroup;
			children = (
				E1000006000 /* PatientsViewModel.swift */,
			);
			path = ViewModels;
			sourceTree = "<group>";
		};
		F1000013000 /* Views */ = {
			isa = PBXGroup;
			children = (
				E1000007000 /* PatientsListView.swift */,
				E1000008000 /* PatientDetailView.swift */,
			);
			path = Views;
			sourceTree = "<group>";
		};
		F1000014000 /* Views */ = {
			isa = PBXGroup;
			children = (
				E1000009000 /* SummaryDetailView.swift */,
				E100000F000 /* AISummaryGenerationView.swift */,
			);
			path = Views;
			sourceTree = "<group>";
		};
		F1000015000 /* Views */ = {
			isa = PBXGroup;
			children = (
				E100000A000 /* SettingsView.swift */,
			);
			path = Views;
			sourceTree = "<group>";
		};
		F1000016000 /* Onboarding */ = {
			isa = PBXGroup;
			children = (
				F1000017000 /* Views */,
			);
			path = Onboarding;
			sourceTree = "<group>";
		};
		F1000017000 /* Views */ = {
			isa = PBXGroup;
			children = (
				E100000D000 /* OnboardingView.swift */,
			);
			path = Views;
			sourceTree = "<group>";
		};
/* End PBXGroup section */

/* Begin PBXNativeTarget section */
		A100000A000 /* IntakeAI */ = {
			isa = PBXNativeTarget;
			buildConfigurationList = A100000B000 /* Build configuration list for PBXNativeTarget "IntakeAI" */;
			buildPhases = (
				A100000C000 /* Sources */,
				A1000005000 /* Frameworks */,
				A100000D000 /* Resources */,
			);
			buildRules = (
			);
			dependencies = (
			);
			name = IntakeAI;
			productName = IntakeAI;
			productReference = A1000000000 /* IntakeAI.app */;
			productType = "com.apple.product-type.application";
		};
/* End PBXNativeTarget section */

/* Begin PBXProject section */
		A100000E000 /* Project object */ = {
			isa = PBXProject;
			attributes = {
				BuildIndependentTargetsInParallel = 1;
				LastSwiftUpdateCheck = 1500;
				LastUpgradeCheck = 1500;
				TargetAttributes = {
					A100000A000 = {
						CreatedOnToolsVersion = 15.0;
					};
				};
			};
			buildConfigurationList = A100000F000 /* Build configuration list for PBXProject "IntakeAI" */;
			compatibilityVersion = "Xcode 14.0";
			developmentRegion = en;
			hasScannedForEncodings = 0;
			knownRegions = (
				en,
				Base,
			);
			mainGroup = A1000006000;
			productRefGroup = A1000008000 /* Products */;
			projectDirPath = "";
			projectRoot = "";
			targets = (
				A100000A000 /* IntakeAI */,
			);
		};
/* End PBXProject section */

/* Begin PBXResourcesBuildPhase section */
		A100000D000 /* Resources */ = {
			isa = PBXResourcesBuildPhase;
			buildActionMask = 2147483647;
			files = (
				A1000003001 /* Preview Assets.xcassets in Resources */,
				A1000002001 /* Assets.xcassets in Resources */,
				A1000005001 /* PrivacyInfo.xcprivacy in Resources */,
			);
			runOnlyForDeploymentPostprocessing = 0;
		};
/* End PBXResourcesBuildPhase section */

/* Begin PBXSourcesBuildPhase section */
		A100000C000 /* Sources */ = {
			isa = PBXSourcesBuildPhase;
			buildActionMask = 2147483647;
			files = (
				A1000001001 /* IntakeAIApp.swift in Sources */,
				B1000001001 /* DesignSystem.swift in Sources */,
				B1000002001 /* IAButton.swift in Sources */,
				B1000003001 /* IATextField.swift in Sources */,
				B1000004001 /* IACard.swift in Sources */,
				B1000005001 /* IABadge.swift in Sources */,
				B1000006001 /* IAAvatar.swift in Sources */,
				B1000007001 /* IAEmptyState.swift in Sources */,
				B1000008001 /* IAModal.swift in Sources */,
				B1000009001 /* IAAnimations.swift in Sources */,
				C1000001001 /* User.swift in Sources */,
				C1000002001 /* Patient.swift in Sources */,
				C1000003001 /* Intake.swift in Sources */,
				C1000004001 /* IntakeLink.swift in Sources */,
				C1000005001 /* Summary.swift in Sources */,
				C1000006001 /* AuditLog.swift in Sources */,
				C1000007001 /* Dashboard.swift in Sources */,
				D1000001001 /* NetworkClient.swift in Sources */,
				D1000002001 /* NetworkMonitor.swift in Sources */,
				E1000001001 /* AuthViewModel.swift in Sources */,
				E1000002001 /* SplashScreen.swift in Sources */,
				E1000003001 /* AuthenticationFlow.swift in Sources */,
				E1000004001 /* DashboardViewModel.swift in Sources */,
				E1000005001 /* DashboardView.swift in Sources */,
				E1000006001 /* PatientsViewModel.swift in Sources */,
				E1000007001 /* PatientsListView.swift in Sources */,
				E1000008001 /* PatientDetailView.swift in Sources */,
				E1000009001 /* SummaryDetailView.swift in Sources */,
				E100000A001 /* SettingsView.swift in Sources */,
				E100000B001 /* MainTabView.swift in Sources */,
				E100000C001 /* iPadMainView.swift in Sources */,
				E100000D001 /* OnboardingView.swift in Sources */,
				D1000003001 /* DataStore.swift in Sources */,
				E100000E001 /* PatientKanbanView.swift in Sources */,
				E100000F001 /* AISummaryGenerationView.swift in Sources */,
				B100000A001 /* IASkeletonViews.swift in Sources */,
			);
			runOnlyForDeploymentPostprocessing = 0;
		};
/* End PBXSourcesBuildPhase section */

/* Begin XCBuildConfiguration section */
		A1000010000 /* Debug */ = {
			isa = XCBuildConfiguration;
			buildSettings = {
				ALWAYS_SEARCH_USER_PATHS = NO;
				ASSETCATALOG_COMPILER_GENERATE_SWIFT_ASSET_SYMBOL_EXTENSIONS = YES;
				CLANG_ANALYZER_NONNULL = YES;
				CLANG_ANALYZER_NUMBER_OBJECT_CONVERSION = YES_AGGRESSIVE;
				CLANG_CXX_LANGUAGE_STANDARD = "gnu++20";
				CLANG_ENABLE_MODULES = YES;
				CLANG_ENABLE_OBJC_ARC = YES;
				CLANG_ENABLE_OBJC_WEAK = YES;
				CLANG_WARN_BLOCK_CAPTURE_AUTORELEASING = YES;
				CLANG_WARN_BOOL_CONVERSION = YES;
				CLANG_WARN_COMMA = YES;
				CLANG_WARN_CONSTANT_CONVERSION = YES;
				CLANG_WARN_DEPRECATED_OBJC_IMPLEMENTATIONS = YES;
				CLANG_WARN_DIRECT_OBJC_ISA_USAGE = YES_ERROR;
				CLANG_WARN_DOCUMENTATION_COMMENTS = YES;
				CLANG_WARN_EMPTY_BODY = YES;
				CLANG_WARN_ENUM_CONVERSION = YES;
				CLANG_WARN_INFINITE_RECURSION = YES;
				CLANG_WARN_INT_CONVERSION = YES;
				CLANG_WARN_NON_LITERAL_NULL_CONVERSION = YES;
				CLANG_WARN_OBJC_IMPLICIT_RETAIN_SELF = YES;
				CLANG_WARN_OBJC_LITERAL_CONVERSION = YES;
				CLANG_WARN_OBJC_ROOT_CLASS = YES_ERROR;
				CLANG_WARN_QUOTED_INCLUDE_IN_FRAMEWORK_HEADER = YES;
				CLANG_WARN_RANGE_LOOP_ANALYSIS = YES;
				CLANG_WARN_STRICT_PROTOTYPES = YES;
				CLANG_WARN_SUSPICIOUS_MOVE = YES;
				CLANG_WARN_UNGUARDED_AVAILABILITY = YES_AGGRESSIVE;
				CLANG_WARN_UNREACHABLE_CODE = YES;
				CLANG_WARN__DUPLICATE_METHOD_MATCH = YES;
				COPY_PHASE_STRIP = NO;
				DEBUG_INFORMATION_FORMAT = dwarf;
				ENABLE_STRICT_OBJC_MSGSEND = YES;
				ENABLE_TESTABILITY = YES;
				ENABLE_USER_SCRIPT_SANDBOXING = YES;
				GCC_C_LANGUAGE_STANDARD = gnu17;
				GCC_DYNAMIC_NO_PIC = NO;
				GCC_NO_COMMON_BLOCKS = YES;
				GCC_OPTIMIZATION_LEVEL = 0;
				GCC_PREPROCESSOR_DEFINITIONS = (
					"DEBUG=1",
					"$(inherited)",
				);
				GCC_WARN_64_TO_32_BIT_CONVERSION = YES;
				GCC_WARN_ABOUT_RETURN_TYPE = YES_ERROR;
				GCC_WARN_UNDECLARED_SELECTOR = YES;
				GCC_WARN_UNINITIALIZED_AUTOS = YES_AGGRESSIVE;
				GCC_WARN_UNUSED_FUNCTION = YES;
				GCC_WARN_UNUSED_VARIABLE = YES;
				IPHONEOS_DEPLOYMENT_TARGET = 17.0;
				LOCALIZATION_PREFERS_STRING_CATALOGS = YES;
				MTL_ENABLE_DEBUG_INFO = INCLUDE_SOURCE;
				MTL_FAST_MATH = YES;
				ONLY_ACTIVE_ARCH = YES;
				SDKROOT = iphoneos;
				SWIFT_ACTIVE_COMPILATION_CONDITIONS = "DEBUG $(inherited)";
				SWIFT_OPTIMIZATION_LEVEL = "-Onone";
			};
			name = Debug;
		};
		A1000011000 /* Release */ = {
			isa = XCBuildConfiguration;
			buildSettings = {
				ALWAYS_SEARCH_USER_PATHS = NO;
				ASSETCATALOG_COMPILER_GENERATE_SWIFT_ASSET_SYMBOL_EXTENSIONS = YES;
				CLANG_ANALYZER_NONNULL = YES;
				CLANG_ANALYZER_NUMBER_OBJECT_CONVERSION = YES_AGGRESSIVE;
				CLANG_CXX_LANGUAGE_STANDARD = "gnu++20";
				CLANG_ENABLE_MODULES = YES;
				CLANG_ENABLE_OBJC_ARC = YES;
				CLANG_ENABLE_OBJC_WEAK = YES;
				CLANG_WARN_BLOCK_CAPTURE_AUTORELEASING = YES;
				CLANG_WARN_BOOL_CONVERSION = YES;
				CLANG_WARN_COMMA = YES;
				CLANG_WARN_CONSTANT_CONVERSION = YES;
				CLANG_WARN_DEPRECATED_OBJC_IMPLEMENTATIONS = YES;
				CLANG_WARN_DIRECT_OBJC_ISA_USAGE = YES_ERROR;
				CLANG_WARN_DOCUMENTATION_COMMENTS = YES;
				CLANG_WARN_EMPTY_BODY = YES;
				CLANG_WARN_ENUM_CONVERSION = YES;
				CLANG_WARN_INFINITE_RECURSION = YES;
				CLANG_WARN_INT_CONVERSION = YES;
				CLANG_WARN_NON_LITERAL_NULL_CONVERSION = YES;
				CLANG_WARN_OBJC_IMPLICIT_RETAIN_SELF = YES;
				CLANG_WARN_OBJC_LITERAL_CONVERSION = YES;
				CLANG_WARN_OBJC_ROOT_CLASS = YES_ERROR;
				CLANG_WARN_QUOTED_INCLUDE_IN_FRAMEWORK_HEADER = YES;
				CLANG_WARN_RANGE_LOOP_ANALYSIS = YES;
				CLANG_WARN_STRICT_PROTOTYPES = YES;
				CLANG_WARN_SUSPICIOUS_MOVE = YES;
				CLANG_WARN_UNGUARDED_AVAILABILITY = YES_AGGRESSIVE;
				CLANG_WARN_UNREACHABLE_CODE = YES;
				CLANG_WARN__DUPLICATE_METHOD_MATCH = YES;
				COPY_PHASE_STRIP = NO;
				DEBUG_INFORMATION_FORMAT = "dwarf-with-dsym";
				ENABLE_NS_ASSERTIONS = NO;
				ENABLE_STRICT_OBJC_MSGSEND = YES;
				ENABLE_USER_SCRIPT_SANDBOXING = YES;
				GCC_C_LANGUAGE_STANDARD = gnu17;
				GCC_NO_COMMON_BLOCKS = YES;
				GCC_WARN_64_TO_32_BIT_CONVERSION = YES;
				GCC_WARN_ABOUT_RETURN_TYPE = YES_ERROR;
				GCC_WARN_UNDECLARED_SELECTOR = YES;
				GCC_WARN_UNINITIALIZED_AUTOS = YES_AGGRESSIVE;
				GCC_WARN_UNUSED_FUNCTION = YES;
				GCC_WARN_UNUSED_VARIABLE = YES;
				IPHONEOS_DEPLOYMENT_TARGET = 17.0;
				LOCALIZATION_PREFERS_STRING_CATALOGS = YES;
				MTL_ENABLE_DEBUG_INFO = NO;
				MTL_FAST_MATH = YES;
				SDKROOT = iphoneos;
				SWIFT_COMPILATION_MODE = wholemodule;
				VALIDATE_PRODUCT = YES;
			};
			name = Release;
		};
		A1000012000 /* Debug */ = {
			isa = XCBuildConfiguration;
			buildSettings = {
				ASSETCATALOG_COMPILER_APPICON_NAME = AppIcon;
				ASSETCATALOG_COMPILER_GLOBAL_ACCENT_COLOR_NAME = AccentColor;
				CODE_SIGN_STYLE = Automatic;
				CURRENT_PROJECT_VERSION = 1;
				DEVELOPMENT_ASSET_PATHS = "\"IntakeAI/Preview Content\"";
				ENABLE_PREVIEWS = YES;
				GENERATE_INFOPLIST_FILE = YES;
				INFOPLIST_FILE = IntakeAI/Info.plist;
				INFOPLIST_KEY_CFBundleDisplayName = IntakeAI;
				INFOPLIST_KEY_LSApplicationCategoryType = "public.app-category.medical";
				INFOPLIST_KEY_NSFaceIDUsageDescription = "Use Face ID for secure login";
				INFOPLIST_KEY_UIApplicationSceneManifest_Generation = YES;
				INFOPLIST_KEY_UIApplicationSupportsIndirectInputEvents = YES;
				INFOPLIST_KEY_UILaunchScreen_Generation = YES;
				INFOPLIST_KEY_UISupportedInterfaceOrientations_iPad = "UIInterfaceOrientationPortrait UIInterfaceOrientationPortraitUpsideDown UIInterfaceOrientationLandscapeLeft UIInterfaceOrientationLandscapeRight";
				INFOPLIST_KEY_UISupportedInterfaceOrientations_iPhone = "UIInterfaceOrientationPortrait UIInterfaceOrientationLandscapeLeft UIInterfaceOrientationLandscapeRight";
				LD_RUNPATH_SEARCH_PATHS = (
					"$(inherited)",
					"@executable_path/Frameworks",
				);
				MARKETING_VERSION = 1.0;
				PRODUCT_BUNDLE_IDENTIFIER = com.intakeai.app;
				PRODUCT_NAME = "$(TARGET_NAME)";
				SUPPORTED_PLATFORMS = "iphoneos iphonesimulator";
				SUPPORTS_MACCATALYST = NO;
				SUPPORTS_MAC_DESIGNED_FOR_IPHONE_IPAD = NO;
				SWIFT_EMIT_LOC_STRINGS = YES;
				SWIFT_VERSION = 5.0;
				TARGETED_DEVICE_FAMILY = "1,2";
			};
			name = Debug;
		};
		A1000013000 /* Release */ = {
			isa = XCBuildConfiguration;
			buildSettings = {
				ASSETCATALOG_COMPILER_APPICON_NAME = AppIcon;
				ASSETCATALOG_COMPILER_GLOBAL_ACCENT_COLOR_NAME = AccentColor;
				CODE_SIGN_STYLE = Automatic;
				CURRENT_PROJECT_VERSION = 1;
				DEVELOPMENT_ASSET_PATHS = "\"IntakeAI/Preview Content\"";
				ENABLE_PREVIEWS = YES;
				GENERATE_INFOPLIST_FILE = YES;
				INFOPLIST_FILE = IntakeAI/Info.plist;
				INFOPLIST_KEY_CFBundleDisplayName = IntakeAI;
				INFOPLIST_KEY_LSApplicationCategoryType = "public.app-category.medical";
				INFOPLIST_KEY_NSFaceIDUsageDescription = "Use Face ID for secure login";
				INFOPLIST_KEY_UIApplicationSceneManifest_Generation = YES;
				INFOPLIST_KEY_UIApplicationSupportsIndirectInputEvents = YES;
				INFOPLIST_KEY_UILaunchScreen_Generation = YES;
				INFOPLIST_KEY_UISupportedInterfaceOrientations_iPad = "UIInterfaceOrientationPortrait UIInterfaceOrientationPortraitUpsideDown UIInterfaceOrientationLandscapeLeft UIInterfaceOrientationLandscapeRight";
				INFOPLIST_KEY_UISupportedInterfaceOrientations_iPhone = "UIInterfaceOrientationPortrait UIInterfaceOrientationLandscapeLeft UIInterfaceOrientationLandscapeRight";
				LD_RUNPATH_SEARCH_PATHS = (
					"$(inherited)",
					"@executable_path/Frameworks",
				);
				MARKETING_VERSION = 1.0;
				PRODUCT_BUNDLE_IDENTIFIER = com.intakeai.app;
				PRODUCT_NAME = "$(TARGET_NAME)";
				SUPPORTED_PLATFORMS = "iphoneos iphonesimulator";
				SUPPORTS_MACCATALYST = NO;
				SUPPORTS_MAC_DESIGNED_FOR_IPHONE_IPAD = NO;
				SWIFT_EMIT_LOC_STRINGS = YES;
				SWIFT_VERSION = 5.0;
				TARGETED_DEVICE_FAMILY = "1,2";
			};
			name = Release;
		};
/* End XCBuildConfiguration section */

/* Begin XCConfigurationList section */
		A100000B000 /* Build configuration list for PBXNativeTarget "IntakeAI" */ = {
			isa = XCConfigurationList;
			buildConfigurations = (
				A1000012000 /* Debug */,
				A1000013000 /* Release */,
			);
			defaultConfigurationIsVisible = 0;
			defaultConfigurationName = Release;
		};
		A100000F000 /* Build configuration list for PBXProject "IntakeAI" */ = {
			isa = XCConfigurationList;
			buildConfigurations = (
				A1000010000 /* Debug */,
				A1000011000 /* Release */,
			);
			defaultConfigurationIsVisible = 0;
			defaultConfigurationName = Release;
		};
/* End XCConfigurationList section */
	};
	rootObject = A100000E000 /* Project object */;
}
